
Microsoft Visual Studio Solution File, Format Version 12.00
# Visual Studio Version 17
VisualStudioVersion = 17.6.33815.320
MinimumVisualStudioVersion = 10.0.40219.1
Project("{9A19103F-16F7-4668-BE54-9A1E7A4F7556}") = "API", "API\API.csproj", "{6243B4A8-3094-40B7-8E2F-BF6B54EB6AD0}"
EndProject
Project("{9A19103F-16F7-4668-BE54-9A1E7A4F7556}") = "Core", "Core\Core.csproj", "{426A0BFD-CD16-4591-ABD5-6BA035CF9E23}"
EndProject
Project("{9A19103F-16F7-4668-BE54-9A1E7A4F7556}") = "Infrastructure", "Infrastructure\Infrastructure.csproj", "{46E938E9-106F-42B8-B596-A31B47EC749E}"
EndProject
Global
	GlobalSection(SolutionConfigurationPlatforms) = preSolution
		Debug|Any CPU = Debug|Any CPU
		Release|Any CPU = Release|Any CPU
	EndGlobalSection
	GlobalSection(ProjectConfigurationPlatforms) = postSolution
		{6243B4A8-3094-40B7-8E2F-BF6B54EB6AD0}.Debug|Any CPU.ActiveCfg = Debug|Any CPU
		{6243B4A8-3094-40B7-8E2F-BF6B54EB6AD0}.Debug|Any CPU.Build.0 = Debug|Any CPU
		{6243B4A8-3094-40B7-8E2F-BF6B54EB6AD0}.Release|Any CPU.ActiveCfg = Release|Any CPU
		{6243B4A8-3094-40B7-8E2F-BF6B54EB6AD0}.Release|Any CPU.Build.0 = Release|Any CPU
		{426A0BFD-CD16-4591-ABD5-6BA035CF9E23}.Debug|Any CPU.ActiveCfg = Debug|Any CPU
		{426A0BFD-CD16-4591-ABD5-6BA035CF9E23}.Debug|Any CPU.Build.0 = Debug|Any CPU
		{426A0BFD-CD16-4591-ABD5-6BA035CF9E23}.Release|Any CPU.ActiveCfg = Release|Any CPU
		{426A0BFD-CD16-4591-ABD5-6BA035CF9E23}.Release|Any CPU.Build.0 = Release|Any CPU
		{46E938E9-106F-42B8-B596-A31B47EC749E}.Debug|Any CPU.ActiveCfg = Debug|Any CPU
		{46E938E9-106F-42B8-B596-A31B47EC749E}.Debug|Any CPU.Build.0 = Debug|Any CPU
		{46E938E9-106F-42B8-B596-A31B47EC749E}.Release|Any CPU.ActiveCfg = Release|Any CPU
		{46E938E9-106F-42B8-B596-A31B47EC749E}.Release|Any CPU.Build.0 = Release|Any CPU
	EndGlobalSection
	GlobalSection(SolutionProperties) = preSolution
		HideSolutionNode = FALSE
	EndGlobalSection
	GlobalSection(ExtensibilityGlobals) = postSolution
		SolutionGuid = {B2E92192-3D11-4A93-9009-C252ACF540B4}
	EndGlobalSection
EndGlobal
